
Microsoft Visual Studio Solution File, Format Version 12.00
# Visual Studio 15
VisualStudioVersion = 15.0.26430.16
MinimumVisualStudioVersion = 10.0.40219.1
Project("{FAE04EC0-301F-11D3-BF4B-00C04F79EFBC}") = "Bss.Optimization.Appetizers", "Bss.Optimization.Appetizers\Bss.Optimization.Appetizers.csproj", "{5325E139-735F-43DA-80AC-F04A44411389}"
EndProject
Project("{2150E333-8FDC-42A3-9474-1A3956D46DE8}") = "Solution Items", "Solution Items", "{C5185D13-B903-4475-95E5-9FFC4D360C3E}"
	ProjectSection(SolutionItems) = preProject
		LICENSE = LICENSE
		README.md = README.md
	EndProjectSection
EndProject
Project("{FAE04EC0-301F-11D3-BF4B-00C04F79EFBC}") = "Bss.Optimization.Appetizers.Common", "Bss.Optimization.Appetizers.Common\Bss.Optimization.Appetizers.Common.csproj", "{AD80AAA4-4B56-4E61-994D-F5318F7EB6B2}"
EndProject
Project("{FAE04EC0-301F-11D3-BF4B-00C04F79EFBC}") = "Bss.Optimization.Appetizers.Glop", "Bss.Optimization.Appetizers.Glop\Bss.Optimization.Appetizers.Glop.csproj", "{45D8F3AE-BDA7-4107-AD93-3EC845152784}"
EndProject
Project("{FAE04EC0-301F-11D3-BF4B-00C04F79EFBC}") = "Bss.Optimization.Appetizers.Naive", "Bss.Optimization.Appetizers.Naive\Bss.Optimization.Appetizers.Naive.csproj", "{A84321BC-4499-476A-81FD-6405526B32EF}"
EndProject
Global
	GlobalSection(SolutionConfigurationPlatforms) = preSolution
		Debug|Any CPU = Debug|Any CPU
		Debug|x64 = Debug|x64
		Release|Any CPU = Release|Any CPU
		Release|x64 = Release|x64
	EndGlobalSection
	GlobalSection(ProjectConfigurationPlatforms) = postSolution
		{5325E139-735F-43DA-80AC-F04A44411389}.Debug|Any CPU.ActiveCfg = Debug|Any CPU
		{5325E139-735F-43DA-80AC-F04A44411389}.Debug|Any CPU.Build.0 = Debug|Any CPU
		{5325E139-735F-43DA-80AC-F04A44411389}.Debug|x64.ActiveCfg = Debug|x64
		{5325E139-735F-43DA-80AC-F04A44411389}.Debug|x64.Build.0 = Debug|x64
		{5325E139-735F-43DA-80AC-F04A44411389}.Release|Any CPU.ActiveCfg = Release|Any CPU
		{5325E139-735F-43DA-80AC-F04A44411389}.Release|Any CPU.Build.0 = Release|Any CPU
		{5325E139-735F-43DA-80AC-F04A44411389}.Release|x64.ActiveCfg = Release|x64
		{5325E139-735F-43DA-80AC-F04A44411389}.Release|x64.Build.0 = Release|x64
		{AD80AAA4-4B56-4E61-994D-F5318F7EB6B2}.Debug|Any CPU.ActiveCfg = Debug|Any CPU
		{AD80AAA4-4B56-4E61-994D-F5318F7EB6B2}.Debug|Any CPU.Build.0 = Debug|Any CPU
		{AD80AAA4-4B56-4E61-994D-F5318F7EB6B2}.Debug|x64.ActiveCfg = Debug|Any CPU
		{AD80AAA4-4B56-4E61-994D-F5318F7EB6B2}.Debug|x64.Build.0 = Debug|Any CPU
		{AD80AAA4-4B56-4E61-994D-F5318F7EB6B2}.Release|Any CPU.ActiveCfg = Release|Any CPU
		{AD80AAA4-4B56-4E61-994D-F5318F7EB6B2}.Release|Any CPU.Build.0 = Release|Any CPU
		{AD80AAA4-4B56-4E61-994D-F5318F7EB6B2}.Release|x64.ActiveCfg = Release|Any CPU
		{AD80AAA4-4B56-4E61-994D-F5318F7EB6B2}.Release|x64.Build.0 = Release|Any CPU
		{45D8F3AE-BDA7-4107-AD93-3EC845152784}.Debug|Any CPU.ActiveCfg = Debug|Any CPU
		{45D8F3AE-BDA7-4107-AD93-3EC845152784}.Debug|Any CPU.Build.0 = Debug|Any CPU
		{45D8F3AE-BDA7-4107-AD93-3EC845152784}.Debug|x64.ActiveCfg = Debug|Any CPU
		{45D8F3AE-BDA7-4107-AD93-3EC845152784}.Debug|x64.Build.0 = Debug|Any CPU
		{45D8F3AE-BDA7-4107-AD93-3EC845152784}.Release|Any CPU.ActiveCfg = Release|Any CPU
		{45D8F3AE-BDA7-4107-AD93-3EC845152784}.Release|Any CPU.Build.0 = Release|Any CPU
		{45D8F3AE-BDA7-4107-AD93-3EC845152784}.Release|x64.ActiveCfg = Release|Any CPU
		{45D8F3AE-BDA7-4107-AD93-3EC845152784}.Release|x64.Build.0 = Release|Any CPU
		{A84321BC-4499-476A-81FD-6405526B32EF}.Debug|Any CPU.ActiveCfg = Debug|Any CPU
		{A84321BC-4499-476A-81FD-6405526B32EF}.Debug|Any CPU.Build.0 = Debug|Any CPU
		{A84321BC-4499-476A-81FD-6405526B32EF}.Debug|x64.ActiveCfg = Debug|Any CPU
		{A84321BC-4499-476A-81FD-6405526B32EF}.Debug|x64.Build.0 = Debug|Any CPU
		{A84321BC-4499-476A-81FD-6405526B32EF}.Release|Any CPU.ActiveCfg = Release|Any CPU
		{A84321BC-4499-476A-81FD-6405526B32EF}.Release|Any CPU.Build.0 = Release|Any CPU
		{A84321BC-4499-476A-81FD-6405526B32EF}.Release|x64.ActiveCfg = Release|Any CPU
		{A84321BC-4499-476A-81FD-6405526B32EF}.Release|x64.Build.0 = Release|Any CPU
	EndGlobalSection
	GlobalSection(SolutionProperties) = preSolution
		HideSolutionNode = FALSE
	EndGlobalSection
EndGlobal
