
Microsoft Visual Studio Solution File, Format Version 12.00
# Visual Studio 15
VisualStudioVersion = 15.0.26430.16
MinimumVisualStudioVersion = 10.0.40219.1
Project("{2150E333-8FDC-42A3-9474-1A3956D46DE8}") = "Solution Items", "Solution Items", "{C5185D13-B903-4475-95E5-9FFC4D360C3E}"
	ProjectSection(SolutionItems) = preProject
		LICENSE = LICENSE
		README.md = README.md
	EndProjectSection
EndProject
Project("{FAE04EC0-301F-11D3-BF4B-00C04F79EFBC}") = "Bss.Optimization.Sudoku", "Bss.Optimization.Sudoku\Bss.Optimization.Sudoku.csproj", "{616EF8BE-171C-47C8-852D-6D91E67881E8}"
EndProject
Project("{FAE04EC0-301F-11D3-BF4B-00C04F79EFBC}") = "Bss.Optimization.Sudoku.Common", "Bss.Optimization.Sudoku.Common\Bss.Optimization.Sudoku.Common.csproj", "{290E5229-59DC-4CCF-A194-1380514A46DB}"
EndProject
Project("{FAE04EC0-301F-11D3-BF4B-00C04F79EFBC}") = "Bss.Optimization.Sudoku.GoogleCp", "Bss.Optimization.Sudoku.GoogleCp\Bss.Optimization.Sudoku.GoogleCp.csproj", "{3A4FC231-7310-45D0-8EE6-0EAECFC33444}"
EndProject
Global
	GlobalSection(SolutionConfigurationPlatforms) = preSolution
		Debug|Any CPU = Debug|Any CPU
		Debug|x64 = Debug|x64
		Debug|x86 = Debug|x86
		Release|Any CPU = Release|Any CPU
		Release|x64 = Release|x64
		Release|x86 = Release|x86
	EndGlobalSection
	GlobalSection(ProjectConfigurationPlatforms) = postSolution
		{616EF8BE-171C-47C8-852D-6D91E67881E8}.Debug|Any CPU.ActiveCfg = Debug|Any CPU
		{616EF8BE-171C-47C8-852D-6D91E67881E8}.Debug|Any CPU.Build.0 = Debug|Any CPU
		{616EF8BE-171C-47C8-852D-6D91E67881E8}.Debug|x64.ActiveCfg = Debug|x64
		{616EF8BE-171C-47C8-852D-6D91E67881E8}.Debug|x64.Build.0 = Debug|x64
		{616EF8BE-171C-47C8-852D-6D91E67881E8}.Debug|x86.ActiveCfg = Debug|x86
		{616EF8BE-171C-47C8-852D-6D91E67881E8}.Debug|x86.Build.0 = Debug|x86
		{616EF8BE-171C-47C8-852D-6D91E67881E8}.Release|Any CPU.ActiveCfg = Release|Any CPU
		{616EF8BE-171C-47C8-852D-6D91E67881E8}.Release|Any CPU.Build.0 = Release|Any CPU
		{616EF8BE-171C-47C8-852D-6D91E67881E8}.Release|x64.ActiveCfg = Release|Any CPU
		{616EF8BE-171C-47C8-852D-6D91E67881E8}.Release|x64.Build.0 = Release|Any CPU
		{616EF8BE-171C-47C8-852D-6D91E67881E8}.Release|x86.ActiveCfg = Release|x86
		{616EF8BE-171C-47C8-852D-6D91E67881E8}.Release|x86.Build.0 = Release|x86
		{290E5229-59DC-4CCF-A194-1380514A46DB}.Debug|Any CPU.ActiveCfg = Debug|Any CPU
		{290E5229-59DC-4CCF-A194-1380514A46DB}.Debug|Any CPU.Build.0 = Debug|Any CPU
		{290E5229-59DC-4CCF-A194-1380514A46DB}.Debug|x64.ActiveCfg = Debug|Any CPU
		{290E5229-59DC-4CCF-A194-1380514A46DB}.Debug|x64.Build.0 = Debug|Any CPU
		{290E5229-59DC-4CCF-A194-1380514A46DB}.Debug|x86.ActiveCfg = Debug|Any CPU
		{290E5229-59DC-4CCF-A194-1380514A46DB}.Debug|x86.Build.0 = Debug|Any CPU
		{290E5229-59DC-4CCF-A194-1380514A46DB}.Release|Any CPU.ActiveCfg = Release|Any CPU
		{290E5229-59DC-4CCF-A194-1380514A46DB}.Release|Any CPU.Build.0 = Release|Any CPU
		{290E5229-59DC-4CCF-A194-1380514A46DB}.Release|x64.ActiveCfg = Release|Any CPU
		{290E5229-59DC-4CCF-A194-1380514A46DB}.Release|x64.Build.0 = Release|Any CPU
		{290E5229-59DC-4CCF-A194-1380514A46DB}.Release|x86.ActiveCfg = Release|Any CPU
		{290E5229-59DC-4CCF-A194-1380514A46DB}.Release|x86.Build.0 = Release|Any CPU
		{3A4FC231-7310-45D0-8EE6-0EAECFC33444}.Debug|Any CPU.ActiveCfg = Debug|Any CPU
		{3A4FC231-7310-45D0-8EE6-0EAECFC33444}.Debug|Any CPU.Build.0 = Debug|Any CPU
		{3A4FC231-7310-45D0-8EE6-0EAECFC33444}.Debug|x64.ActiveCfg = Debug|Any CPU
		{3A4FC231-7310-45D0-8EE6-0EAECFC33444}.Debug|x64.Build.0 = Debug|Any CPU
		{3A4FC231-7310-45D0-8EE6-0EAECFC33444}.Debug|x86.ActiveCfg = Debug|Any CPU
		{3A4FC231-7310-45D0-8EE6-0EAECFC33444}.Debug|x86.Build.0 = Debug|Any CPU
		{3A4FC231-7310-45D0-8EE6-0EAECFC33444}.Release|Any CPU.ActiveCfg = Release|Any CPU
		{3A4FC231-7310-45D0-8EE6-0EAECFC33444}.Release|Any CPU.Build.0 = Release|Any CPU
		{3A4FC231-7310-45D0-8EE6-0EAECFC33444}.Release|x64.ActiveCfg = Release|Any CPU
		{3A4FC231-7310-45D0-8EE6-0EAECFC33444}.Release|x64.Build.0 = Release|Any CPU
		{3A4FC231-7310-45D0-8EE6-0EAECFC33444}.Release|x86.ActiveCfg = Release|Any CPU
		{3A4FC231-7310-45D0-8EE6-0EAECFC33444}.Release|x86.Build.0 = Release|Any CPU
	EndGlobalSection
	GlobalSection(SolutionProperties) = preSolution
		HideSolutionNode = FALSE
	EndGlobalSection
EndGlobal
